
Microsoft Visual Studio Solution File, Format Version 12.00
# Visual Studio Version 16
VisualStudioVersion = 16.0.30128.74
MinimumVisualStudioVersion = 10.0.40219.1
Project("{FAE04EC0-301F-11D3-BF4B-00C04F79EFBC}") = "CountryDashboardServer", "CountryDashboardServer\CountryDashboardServer.csproj", "{D727B9C4-85CD-47B7-8BA9-CC05F6B85B1E}"
EndProject
Global
	GlobalSection(SolutionConfigurationPlatforms) = preSolution
		Debug|Any CPU = Debug|Any CPU
		Release|Any CPU = Release|Any CPU
	EndGlobalSection
	GlobalSection(ProjectConfigurationPlatforms) = postSolution
		{D727B9C4-85CD-47B7-8BA9-CC05F6B85B1E}.Debug|Any CPU.ActiveCfg = Debug|Any CPU
		{D727B9C4-85CD-47B7-8BA9-CC05F6B85B1E}.Debug|Any CPU.Build.0 = Debug|Any CPU
		{D727B9C4-85CD-47B7-8BA9-CC05F6B85B1E}.Release|Any CPU.ActiveCfg = Release|Any CPU
		{D727B9C4-85CD-47B7-8BA9-CC05F6B85B1E}.Release|Any CPU.Build.0 = Release|Any CPU
	EndGlobalSection
	GlobalSection(SolutionProperties) = preSolution
		HideSolutionNode = FALSE
	EndGlobalSection
	GlobalSection(ExtensibilityGlobals) = postSolution
		SolutionGuid = {F7DAB3BD-9919-4A16-B642-B61BD2F982B7}
	EndGlobalSection
EndGlobal
